
Microsoft Visual Studio Solution File, Format Version 12.00
# Visual Studio 15
VisualStudioVersion = 15.0.27703.2026
MinimumVisualStudioVersion = 10.0.40219.1
Project("{FAE04EC0-301F-11D3-BF4B-00C04F79EFBC}") = "Lazy Ini Tweaker", "Lazy Ini Tweaker\Lazy Ini Tweaker.csproj", "{3EF94D3B-C21B-4F91-94A2-7397AC239890}"
EndProject
Global
	GlobalSection(SolutionConfigurationPlatforms) = preSolution
		Debug|Any CPU = Debug|Any CPU
		Release|Any CPU = Release|Any CPU
	EndGlobalSection
	GlobalSection(ProjectConfigurationPlatforms) = postSolution
		{3EF94D3B-C21B-4F91-94A2-7397AC239890}.Debug|Any CPU.ActiveCfg = Debug|Any CPU
		{3EF94D3B-C21B-4F91-94A2-7397AC239890}.Debug|Any CPU.Build.0 = Debug|Any CPU
		{3EF94D3B-C21B-4F91-94A2-7397AC239890}.Release|Any CPU.ActiveCfg = Release|Any CPU
		{3EF94D3B-C21B-4F91-94A2-7397AC239890}.Release|Any CPU.Build.0 = Release|Any CPU
	EndGlobalSection
	GlobalSection(SolutionProperties) = preSolution
		HideSolutionNode = FALSE
	EndGlobalSection
	GlobalSection(ExtensibilityGlobals) = postSolution
		SolutionGuid = {81E067CA-B0AC-4E78-A17A-69F282AEA659}
	EndGlobalSection
EndGlobal
